
Microsoft Visual Studio Solution File, Format Version 12.00
# Visual Studio 15
VisualStudioVersion = 15.0.27004.2009
MinimumVisualStudioVersion = 10.0.40219.1
Project("{FAE04EC0-301F-11D3-BF4B-00C04F79EFBC}") = "01. GrapeAndRakia", "ConsoleApp2\01. GrapeAndRakia.csproj", "{87F8D743-FAAB-4ADE-89E8-F53752D5F8DC}"
EndProject
Project("{FAE04EC0-301F-11D3-BF4B-00C04F79EFBC}") = "02. Styrofoam", "Styrofoam\02. Styrofoam.csproj", "{189538D2-CF4D-4272-B46F-36E9FC2ADB1B}"
EndProject
Project("{FAE04EC0-301F-11D3-BF4B-00C04F79EFBC}") = "03. TruckDriver", "TruckDriver\03. TruckDriver.csproj", "{6B8315C1-E3FA-4FFF-8791-E4515AF80C6B}"
EndProject
Project("{FAE04EC0-301F-11D3-BF4B-00C04F79EFBC}") = "04. Bills", "Bills\04. Bills.csproj", "{C8EDBC40-4199-406F-9C07-9198A9489308}"
EndProject
Project("{FAE04EC0-301F-11D3-BF4B-00C04F79EFBC}") = "05. Paralelepiped", "Paralelepiped\05. Paralelepiped.csproj", "{0A6E6F43-1983-4190-A070-5BFD825D9BBE}"
EndProject
Project("{FAE04EC0-301F-11D3-BF4B-00C04F79EFBC}") = "06. ControlNumber", "ControlNumber\06. ControlNumber.csproj", "{03EE523A-3964-40D5-8D2B-BFDFF96900BA}"
EndProject
Global
	GlobalSection(SolutionConfigurationPlatforms) = preSolution
		Debug|Any CPU = Debug|Any CPU
		Release|Any CPU = Release|Any CPU
	EndGlobalSection
	GlobalSection(ProjectConfigurationPlatforms) = postSolution
		{87F8D743-FAAB-4ADE-89E8-F53752D5F8DC}.Debug|Any CPU.ActiveCfg = Debug|Any CPU
		{87F8D743-FAAB-4ADE-89E8-F53752D5F8DC}.Debug|Any CPU.Build.0 = Debug|Any CPU
		{87F8D743-FAAB-4ADE-89E8-F53752D5F8DC}.Release|Any CPU.ActiveCfg = Release|Any CPU
		{87F8D743-FAAB-4ADE-89E8-F53752D5F8DC}.Release|Any CPU.Build.0 = Release|Any CPU
		{189538D2-CF4D-4272-B46F-36E9FC2ADB1B}.Debug|Any CPU.ActiveCfg = Debug|Any CPU
		{189538D2-CF4D-4272-B46F-36E9FC2ADB1B}.Debug|Any CPU.Build.0 = Debug|Any CPU
		{189538D2-CF4D-4272-B46F-36E9FC2ADB1B}.Release|Any CPU.ActiveCfg = Release|Any CPU
		{189538D2-CF4D-4272-B46F-36E9FC2ADB1B}.Release|Any CPU.Build.0 = Release|Any CPU
		{6B8315C1-E3FA-4FFF-8791-E4515AF80C6B}.Debug|Any CPU.ActiveCfg = Debug|Any CPU
		{6B8315C1-E3FA-4FFF-8791-E4515AF80C6B}.Debug|Any CPU.Build.0 = Debug|Any CPU
		{6B8315C1-E3FA-4FFF-8791-E4515AF80C6B}.Release|Any CPU.ActiveCfg = Release|Any CPU
		{6B8315C1-E3FA-4FFF-8791-E4515AF80C6B}.Release|Any CPU.Build.0 = Release|Any CPU
		{C8EDBC40-4199-406F-9C07-9198A9489308}.Debug|Any CPU.ActiveCfg = Debug|Any CPU
		{C8EDBC40-4199-406F-9C07-9198A9489308}.Debug|Any CPU.Build.0 = Debug|Any CPU
		{C8EDBC40-4199-406F-9C07-9198A9489308}.Release|Any CPU.ActiveCfg = Release|Any CPU
		{C8EDBC40-4199-406F-9C07-9198A9489308}.Release|Any CPU.Build.0 = Release|Any CPU
		{0A6E6F43-1983-4190-A070-5BFD825D9BBE}.Debug|Any CPU.ActiveCfg = Debug|Any CPU
		{0A6E6F43-1983-4190-A070-5BFD825D9BBE}.Debug|Any CPU.Build.0 = Debug|Any CPU
		{0A6E6F43-1983-4190-A070-5BFD825D9BBE}.Release|Any CPU.ActiveCfg = Release|Any CPU
		{0A6E6F43-1983-4190-A070-5BFD825D9BBE}.Release|Any CPU.Build.0 = Release|Any CPU
		{03EE523A-3964-40D5-8D2B-BFDFF96900BA}.Debug|Any CPU.ActiveCfg = Debug|Any CPU
		{03EE523A-3964-40D5-8D2B-BFDFF96900BA}.Debug|Any CPU.Build.0 = Debug|Any CPU
		{03EE523A-3964-40D5-8D2B-BFDFF96900BA}.Release|Any CPU.ActiveCfg = Release|Any CPU
		{03EE523A-3964-40D5-8D2B-BFDFF96900BA}.Release|Any CPU.Build.0 = Release|Any CPU
	EndGlobalSection
	GlobalSection(SolutionProperties) = preSolution
		HideSolutionNode = FALSE
	EndGlobalSection
	GlobalSection(ExtensibilityGlobals) = postSolution
		SolutionGuid = {D6093FCF-875D-465D-A169-C58D4A144FE5}
	EndGlobalSection
EndGlobal
