
Microsoft Visual Studio Solution File, Format Version 12.00
# Visual Studio 15
VisualStudioVersion = 15.0.27004.2009
MinimumVisualStudioVersion = 10.0.40219.1
Project("{FAE04EC0-301F-11D3-BF4B-00C04F79EFBC}") = "01. Fishland", "Fishland\01. Fishland.csproj", "{5C4F1FE6-B05C-4D28-A290-45E73D5DB064}"
EndProject
Project("{FAE04EC0-301F-11D3-BF4B-00C04F79EFBC}") = "02. Pets", "Pets\02. Pets.csproj", "{8C1942FF-E351-47AF-8C6A-34F36FCAFD03}"
EndProject
Project("{FAE04EC0-301F-11D3-BF4B-00C04F79EFBC}") = "03. Vacantion", "Vacantion\03. Vacantion.csproj", "{43B23B2A-1179-4CFE-A3BA-3B603275512E}"
EndProject
Project("{FAE04EC0-301F-11D3-BF4B-00C04F79EFBC}") = "04. SoftUniCamp", "SoftUniCamp\04. SoftUniCamp.csproj", "{D8476301-D852-4B35-95EE-436E58818309}"
EndProject
Project("{FAE04EC0-301F-11D3-BF4B-00C04F79EFBC}") = "05. Fox", "Fox\05. Fox.csproj", "{5937FE92-F6FF-481B-872C-B923E1572F69}"
EndProject
Project("{FAE04EC0-301F-11D3-BF4B-00C04F79EFBC}") = "06. Battles", "Battles\06. Battles.csproj", "{9F51E03D-854B-4EAC-A708-0428F7BBFE3B}"
EndProject
Global
	GlobalSection(SolutionConfigurationPlatforms) = preSolution
		Debug|Any CPU = Debug|Any CPU
		Release|Any CPU = Release|Any CPU
	EndGlobalSection
	GlobalSection(ProjectConfigurationPlatforms) = postSolution
		{5C4F1FE6-B05C-4D28-A290-45E73D5DB064}.Debug|Any CPU.ActiveCfg = Debug|Any CPU
		{5C4F1FE6-B05C-4D28-A290-45E73D5DB064}.Debug|Any CPU.Build.0 = Debug|Any CPU
		{5C4F1FE6-B05C-4D28-A290-45E73D5DB064}.Release|Any CPU.ActiveCfg = Release|Any CPU
		{5C4F1FE6-B05C-4D28-A290-45E73D5DB064}.Release|Any CPU.Build.0 = Release|Any CPU
		{8C1942FF-E351-47AF-8C6A-34F36FCAFD03}.Debug|Any CPU.ActiveCfg = Debug|Any CPU
		{8C1942FF-E351-47AF-8C6A-34F36FCAFD03}.Debug|Any CPU.Build.0 = Debug|Any CPU
		{8C1942FF-E351-47AF-8C6A-34F36FCAFD03}.Release|Any CPU.ActiveCfg = Release|Any CPU
		{8C1942FF-E351-47AF-8C6A-34F36FCAFD03}.Release|Any CPU.Build.0 = Release|Any CPU
		{43B23B2A-1179-4CFE-A3BA-3B603275512E}.Debug|Any CPU.ActiveCfg = Debug|Any CPU
		{43B23B2A-1179-4CFE-A3BA-3B603275512E}.Debug|Any CPU.Build.0 = Debug|Any CPU
		{43B23B2A-1179-4CFE-A3BA-3B603275512E}.Release|Any CPU.ActiveCfg = Release|Any CPU
		{43B23B2A-1179-4CFE-A3BA-3B603275512E}.Release|Any CPU.Build.0 = Release|Any CPU
		{D8476301-D852-4B35-95EE-436E58818309}.Debug|Any CPU.ActiveCfg = Debug|Any CPU
		{D8476301-D852-4B35-95EE-436E58818309}.Debug|Any CPU.Build.0 = Debug|Any CPU
		{D8476301-D852-4B35-95EE-436E58818309}.Release|Any CPU.ActiveCfg = Release|Any CPU
		{D8476301-D852-4B35-95EE-436E58818309}.Release|Any CPU.Build.0 = Release|Any CPU
		{5937FE92-F6FF-481B-872C-B923E1572F69}.Debug|Any CPU.ActiveCfg = Debug|Any CPU
		{5937FE92-F6FF-481B-872C-B923E1572F69}.Debug|Any CPU.Build.0 = Debug|Any CPU
		{5937FE92-F6FF-481B-872C-B923E1572F69}.Release|Any CPU.ActiveCfg = Release|Any CPU
		{5937FE92-F6FF-481B-872C-B923E1572F69}.Release|Any CPU.Build.0 = Release|Any CPU
		{9F51E03D-854B-4EAC-A708-0428F7BBFE3B}.Debug|Any CPU.ActiveCfg = Debug|Any CPU
		{9F51E03D-854B-4EAC-A708-0428F7BBFE3B}.Debug|Any CPU.Build.0 = Debug|Any CPU
		{9F51E03D-854B-4EAC-A708-0428F7BBFE3B}.Release|Any CPU.ActiveCfg = Release|Any CPU
		{9F51E03D-854B-4EAC-A708-0428F7BBFE3B}.Release|Any CPU.Build.0 = Release|Any CPU
	EndGlobalSection
	GlobalSection(SolutionProperties) = preSolution
		HideSolutionNode = FALSE
	EndGlobalSection
	GlobalSection(ExtensibilityGlobals) = postSolution
		SolutionGuid = {A839FCC0-2766-4B4F-8786-220E193BB3F9}
	EndGlobalSection
EndGlobal
